
Microsoft Visual Studio Solution File, Format Version 12.00
# Visual Studio Version 17
VisualStudioVersion = 17.12.35527.113 d17.12
MinimumVisualStudioVersion = 10.0.40219.1
Project("{FAE04EC0-301F-11D3-BF4B-00C04F79EFBC}") = "CSSFD FinalProject", "CSSFD FinalProject\CSSFD FinalProject.csproj", "{DD0F2755-C76A-433D-994D-C21F5A25A589}"
EndProject
Global
	GlobalSection(SolutionConfigurationPlatforms) = preSolution
		Debug|Any CPU = Debug|Any CPU
		Release|Any CPU = Release|Any CPU
	EndGlobalSection
	GlobalSection(ProjectConfigurationPlatforms) = postSolution
		{DD0F2755-C76A-433D-994D-C21F5A25A589}.Debug|Any CPU.ActiveCfg = Debug|Any CPU
		{DD0F2755-C76A-433D-994D-C21F5A25A589}.Debug|Any CPU.Build.0 = Debug|Any CPU
		{DD0F2755-C76A-433D-994D-C21F5A25A589}.Release|Any CPU.ActiveCfg = Release|Any CPU
		{DD0F2755-C76A-433D-994D-C21F5A25A589}.Release|Any CPU.Build.0 = Release|Any CPU
	EndGlobalSection
	GlobalSection(SolutionProperties) = preSolution
		HideSolutionNode = FALSE
	EndGlobalSection
EndGlobal
